<?xml version="1.0" encoding="utf-8"?>
<Project ToolsVersion="4.0" xmlns="http://schemas.microsoft.com/developer/msbuild/2003">
  <ItemGroup>
    <Filter Include="Source Files">
      <UniqueIdentifier>{4FC737F1-C7A5-4376-A066-2A32D752A2FF}</UniqueIdentifier>
      <Extensions>cpp;c;cc;cxx;def;odl;idl;hpj;bat;asm;asmx</Extensions>
    </Filter>
    <Filter Include="Header Files">
      <UniqueIdentifier>{93995380-89BD-4b04-88EB-625FBE52EBFB}</UniqueIdentifier>
      <Extensions>h;hh;hpp;hxx;hm;inl;inc;xsd</Extensions>
    </Filter>
    <Filter Include="Resource Files">
      <UniqueIdentifier>{67DA6AB6-F800-4c08-8B7A-83BB121AAD01}</UniqueIdentifier>
      <Extensions>rc;ico;cur;bmp;dlg;rc2;rct;bin;rgs;gif;jpg;jpeg;jpe;resx;tiff;tif;png;wav;mfcribbon-ms</Extensions>
    </Filter>
  </ItemGroup>
  <ItemGroup>
    <ClCompile Include="main\main.cpp">
      <Filter>Source Files</Filter>
    </ClCompile>
    <ClCompile Include="main\ShaderLoader.cpp">
      <Filter>Source Files</Filter>
    </ClCompile>
    <ClCompile Include="main\Cubemap.cpp">
      <Filter>Source Files</Filter>
    </ClCompile>
    <ClCompile Include="main\Utils.cpp">
      <Filter>Source Files</Filter>
    </ClCompile>
    <ClCompile Include="main\Camera.cpp">
      <Filter>Source Files</Filter>
    </ClCompile>
    <ClCompile Include="main\Light.cpp">
      <Filter>Source Files</Filter>
    </ClCompile>
    <ClCompile Include="main\TessModel.cpp">
      <Filter>Source Files</Filter>
    </ClCompile>
    <ClCompile Include="main\FrameBuffer.cpp">
      <Filter>Source Files</Filter>
    </ClCompile>
    <ClCompile Include="main\PerlinNoise.cpp">
      <Filter>Source Files</Filter>
    </ClCompile>
    <ClCompile Include="main\ProceduralTerrain.cpp">
      <Filter>Source Files</Filter>
    </ClCompile>
    <ClCompile Include="main\ParticleEffect.cpp">
      <Filter>Source Files</Filter>
    </ClCompile>
  </ItemGroup>
  <ItemGroup>
    <ClInclude Include="main\ShaderLoader.h">
      <Filter>Header Files</Filter>
    </ClInclude>
    <ClInclude Include="main\Cubemap.h">
      <Filter>Header Files</Filter>
    </ClInclude>
    <ClInclude Include="main\Utils.h">
      <Filter>Header Files</Filter>
    </ClInclude>
    <ClInclude Include="main\Camera.h">
      <Filter>Header Files</Filter>
    </ClInclude>
    <ClInclude Include="main\Light.h">
      <Filter>Header Files</Filter>
    </ClInclude>
    <ClInclude Include="main\Mesh.h">
      <Filter>Header Files</Filter>
    </ClInclude>
    <ClInclude Include="main\Model.h">
      <Filter>Header Files</Filter>
    </ClInclude>
    <ClInclude Include="main\PerlinNoiseTess.h">
      <Filter>Header Files</Filter>
    </ClInclude>
    <ClInclude Include="main\TessModel.h">
      <Filter>Header Files</Filter>
    </ClInclude>
    <ClInclude Include="main\FrameBuffer.h">
      <Filter>Header Files</Filter>
    </ClInclude>
    <ClInclude Include="main\ProceduralTerrain.h">
      <Filter>Header Files</Filter>
    </ClInclude>
    <ClInclude Include="main\ParticleEffect.h">
      <Filter>Source Files</Filter>
    </ClInclude>
    <ClInclude Include="main\Attractor.h">
      <Filter>Header Files</Filter>
    </ClInclude>
  </ItemGroup>
  <ItemGroup>
    <None Include="Assets\Shaders\FlatModel.fs">
      <Filter>Resource Files</Filter>
    </None>
    <None Include="Assets\Shaders\FlatModel.vs">
      <Filter>Resource Files</Filter>
    </None>
    <None Include="Assets\Shaders\skybox.fs">
      <Filter>Resource Files</Filter>
    </None>
    <None Include="Assets\Shaders\skybox.vs">
      <Filter>Resource Files</Filter>
    </None>
    <None Include="Assets\Shaders\mesh.fs">
      <Filter>Resource Files</Filter>
    </None>
    <None Include="Assets\Shaders\mesh.vs">
      <Filter>Resource Files</Filter>
    </None>
    <None Include="Assets\Shaders\heightmap.fs">
      <Filter>Resource Files</Filter>
    </None>
    <None Include="Assets\Shaders\heightmap.vs">
      <Filter>Resource Files</Filter>
    </None>
    <None Include="Assets\Shaders\tessQuadModel.tes">
      <Filter>Resource Files</Filter>
    </None>
    <None Include="Assets\Shaders\tessTriModel.fs">
      <Filter>Resource Files</Filter>
    </None>
    <None Include="Assets\Shaders\tessTriModel.vs">
      <Filter>Resource Files</Filter>
    </None>
    <None Include="Assets\Shaders\tessQuadModel.tcs">
      <Filter>Resource Files</Filter>
    </None>
    <None Include="Assets\Shaders\framebuffer.fs">
      <Filter>Resource Files</Filter>
    </None>
    <None Include="Assets\Shaders\framebuffer.vs">
      <Filter>Resource Files</Filter>
    </None>
    <None Include="Assets\Shaders\toon.fs">
      <Filter>Resource Files</Filter>
    </None>
    <None Include="Assets\Shaders\toon.vs">
      <Filter>Resource Files</Filter>
    </None>
    <None Include="Assets\Shaders\compParticle.vert">
      <Filter>Resource Files</Filter>
    </None>
    <None Include="Assets\Shaders\compParticle.comp">
      <Filter>Resource Files</Filter>
    </None>
    <None Include="Assets\Shaders\compParticle.frag">
      <Filter>Resource Files</Filter>
    </None>
  </ItemGroup>
</Project>